{
  "lockfileVersion": 1,
  "workspaces": {
    "": {
      "dependencies": {
        "voby": "^0.58.1",
      },
    },
  },
  "packages": {
    "htm": ["htm@3.1.1", "", {}, "sha512-983Vyg8NwUE7JkZ6NmOqpCZ+sh1bKv2iYTlUkzlWmA5JD2acKoxd4KVxbMmxX/85mtfdnDmTFoNKcg5DGAvxNQ=="],

    "oby": ["oby@15.1.2", "", {}, "sha512-6QD9iEoPzV+pMDdcg3RtFWhgDX8pS5hZouVHvgXGDy3Q9RxFfnI3CYv9i62keeuX+qk6iN2z5E9FD3q3OckZ6A=="],

    "voby": ["voby@0.58.1", "", { "dependencies": { "htm": "^3.1.1", "oby": "^15.1.1" } }, "sha512-kKHgUbIJXAMYbJASmQJ+4K/0BV5kgz2OzEOn+rs+Vbv1xMfJ1eh6tJoOo5fdO3pXfTBm/RkoTMEBj8f4fjA7pA=="],
  }
}
